<?xml version="1.0" encoding="utf-8"?>
<Project ToolsVersion="4.0" xmlns="http://schemas.microsoft.com/developer/msbuild/2003">
  <ItemGroup>
    <ClCompile Include="HemiSphere.cpp" />
    <ClCompile Include="Hole.cpp" />
    <ClCompile Include="main.cpp" />
    <ClCompile Include="Map.cpp" />
    <ClCompile Include="Object.cpp" />
    <ClCompile Include="Object_Interface.cpp" />
    <ClCompile Include="PLAYER.cpp" />
    <ClCompile Include="PlayersValidation.cpp" />
    <ClCompile Include="Spring.cpp" />
    <ClCompile Include="Square.cpp" />
    <ClCompile Include="Triangle.cpp" />
    <ClCompile Include="SceneManger.cpp" />
    <ClCompile Include="Scene_Base.cpp" />
    <ClCompile Include="Scene_Game.cpp" />
    <ClCompile Include="Scene_Gameover.cpp" />
    <ClCompile Include="Scene_Mapcreate.cpp" />
    <ClCompile Include="Scene_Start.cpp" />
    <ClCompile Include="CollisionHelper.cpp" />
  </ItemGroup>
  <ItemGroup>
    <ClInclude Include="ISceneChanger.h" />
    <ClInclude Include="HemiSphere.h" />
    <ClInclude Include="Hole.h" />
    <ClInclude Include="Map.h" />
    <ClInclude Include="Object.h" />
    <ClInclude Include="Object_Interface.h" />
    <ClInclude Include="PLAYER.h" />
    <ClInclude Include="PlayersValidation.h" />
    <ClInclude Include="Spring.h" />
    <ClInclude Include="Square.h" />
    <ClInclude Include="Triangle.h" />
    <ClInclude Include="SceneManger.h" />
    <ClInclude Include="Scene_Base.h" />
    <ClInclude Include="Scene_Game.h" />
    <ClInclude Include="Scene_Gameover.h" />
    <ClInclude Include="Scene_Mapcreate.h" />
    <ClInclude Include="Scene_Start.h" />
    <ClInclude Include="CollisionHelper.h" />
  </ItemGroup>
</Project>